
Microsoft Visual Studio Solution File, Format Version 12.00
# Visual Studio Version 17
VisualStudioVersion = 17.14.36429.23 d17.14
MinimumVisualStudioVersion = 10.0.40219.1
Project("{FAE04EC0-301F-11D3-BF4B-00C04F79EFBC}") = "gestionCuentasApi", "gestionCuentasApi\gestionCuentasApi.csproj", "{A49B1AE4-8BA4-4B9A-A80C-5DBB25139DD4}"
EndProject
Global
	GlobalSection(SolutionConfigurationPlatforms) = preSolution
		Debug|Any CPU = Debug|Any CPU
		Release|Any CPU = Release|Any CPU
	EndGlobalSection
	GlobalSection(ProjectConfigurationPlatforms) = postSolution
		{A49B1AE4-8BA4-4B9A-A80C-5DBB25139DD4}.Debug|Any CPU.ActiveCfg = Debug|Any CPU
		{A49B1AE4-8BA4-4B9A-A80C-5DBB25139DD4}.Debug|Any CPU.Build.0 = Debug|Any CPU
		{A49B1AE4-8BA4-4B9A-A80C-5DBB25139DD4}.Release|Any CPU.ActiveCfg = Release|Any CPU
		{A49B1AE4-8BA4-4B9A-A80C-5DBB25139DD4}.Release|Any CPU.Build.0 = Release|Any CPU
	EndGlobalSection
	GlobalSection(SolutionProperties) = preSolution
		HideSolutionNode = FALSE
	EndGlobalSection
	GlobalSection(ExtensibilityGlobals) = postSolution
		SolutionGuid = {D45BE5D2-83AD-44D7-8D96-8EAEB2CE5F27}
	EndGlobalSection
EndGlobal
